// !$*UTF8*$!
{
	archiveVersion = 1;
	classes = {
	};
	objectVersion = 56;
	objects = {

/* Begin PBXBuildFile section */
		32538CBC2C014E6B00B1649F /* AppDelegate.swift in Sources */ = {isa = PBXBuildFile; fileRef = 32538CBB2C014E6B00B1649F /* AppDelegate.swift */; };
		32538CBE2C014E6B00B1649F /* SceneDelegate.swift in Sources */ = {isa = PBXBuildFile; fileRef = 32538CBD2C014E6B00B1649F /* SceneDelegate.swift */; };
		32538CC52C014E6D00B1649F /* Assets.xcassets in Resources */ = {isa = PBXBuildFile; fileRef = 32538CC42C014E6D00B1649F /* Assets.xcassets */; };
		32538CC82C014E6D00B1649F /* Base in Resources */ = {isa = PBXBuildFile; fileRef = 32538CC72C014E6D00B1649F /* Base */; };
		32538CD32C014E6D00B1649F /* MoviesTests.swift in Sources */ = {isa = PBXBuildFile; fileRef = 32538CD22C014E6D00B1649F /* MoviesTests.swift */; };
		32538CDD2C014E6D00B1649F /* MoviesUITests.swift in Sources */ = {isa = PBXBuildFile; fileRef = 32538CDC2C014E6D00B1649F /* MoviesUITests.swift */; };
		32538CDF2C014E6D00B1649F /* MoviesUITestsLaunchTests.swift in Sources */ = {isa = PBXBuildFile; fileRef = 32538CDE2C014E6D00B1649F /* MoviesUITestsLaunchTests.swift */; };
		32538CEC2C02073400B1649F /* Coordinator.swift in Sources */ = {isa = PBXBuildFile; fileRef = 32538CEB2C02073400B1649F /* Coordinator.swift */; };
		32538CEF2C02077500B1649F /* AppCoordinator.swift in Sources */ = {isa = PBXBuildFile; fileRef = 32538CEE2C02077500B1649F /* AppCoordinator.swift */; };
		32538CF12C0207D900B1649F /* MoviesCoordinator.swift in Sources */ = {isa = PBXBuildFile; fileRef = 32538CF02C0207D900B1649F /* MoviesCoordinator.swift */; };
		32538CF32C0209B000B1649F /* MovieListType.swift in Sources */ = {isa = PBXBuildFile; fileRef = 32538CF22C0209B000B1649F /* MovieListType.swift */; };
		32538CF72C02115100B1649F /* MoviesListViewController.xib in Resources */ = {isa = PBXBuildFile; fileRef = 32538CF62C02115100B1649F /* MoviesListViewController.xib */; };
		32538CF82C02115100B1649F /* MoviesListViewController.swift in Sources */ = {isa = PBXBuildFile; fileRef = 32538CF52C02115100B1649F /* MoviesListViewController.swift */; };
		32538CFC2C0211D400B1649F /* MoviesListViewModel.swift in Sources */ = {isa = PBXBuildFile; fileRef = 32538CFB2C0211D400B1649F /* MoviesListViewModel.swift */; };
		32538CFF2C02204B00B1649F /* DependencyContainer.swift in Sources */ = {isa = PBXBuildFile; fileRef = 32538CFE2C02204B00B1649F /* DependencyContainer.swift */; };
		32538D022C0224FB00B1649F /* NetworkClient.swift in Sources */ = {isa = PBXBuildFile; fileRef = 32538D012C0224FA00B1649F /* NetworkClient.swift */; };
		32538D052C02255800B1649F /* EndPoints.swift in Sources */ = {isa = PBXBuildFile; fileRef = 32538D042C02255800B1649F /* EndPoints.swift */; };
		32538D072C02268700B1649F /* Movies.swift in Sources */ = {isa = PBXBuildFile; fileRef = 32538D062C02268700B1649F /* Movies.swift */; };
		32538D092C0228E800B1649F /* Error.swift in Sources */ = {isa = PBXBuildFile; fileRef = 32538D082C0228E800B1649F /* Error.swift */; };
		32538D0B2C022C2300B1649F /* MoviesRemoteDataRepository.swift in Sources */ = {isa = PBXBuildFile; fileRef = 32538D0A2C022C2300B1649F /* MoviesRemoteDataRepository.swift */; };
		32538D0D2C022D1200B1649F /* MoviesLocalDataReposistory.swift in Sources */ = {isa = PBXBuildFile; fileRef = 32538D0C2C022D1200B1649F /* MoviesLocalDataReposistory.swift */; };
		32538D0F2C022D7D00B1649F /* MoviesListUseCase.swift in Sources */ = {isa = PBXBuildFile; fileRef = 32538D0E2C022D7D00B1649F /* MoviesListUseCase.swift */; };
		327124D42C053A00001B4E28 /* MovieCellViewModel.swift in Sources */ = {isa = PBXBuildFile; fileRef = 327124D32C053A00001B4E28 /* MovieCellViewModel.swift */; };
		327124D62C053CDD001B4E28 /* UITableView+Register.swift in Sources */ = {isa = PBXBuildFile; fileRef = 327124D52C053CDD001B4E28 /* UITableView+Register.swift */; };
		327124D92C055566001B4E28 /* ToastView.swift in Sources */ = {isa = PBXBuildFile; fileRef = 327124D82C055566001B4E28 /* ToastView.swift */; };
		327124EA2C064068001B4E28 /* MovieDetails.swift in Sources */ = {isa = PBXBuildFile; fileRef = 327124E92C064068001B4E28 /* MovieDetails.swift */; };
		327124ED2C064A8E001B4E28 /* MovieDetailsRemoteDataRepository.swift in Sources */ = {isa = PBXBuildFile; fileRef = 327124EC2C064A8E001B4E28 /* MovieDetailsRemoteDataRepository.swift */; };
		327124F12C064F7F001B4E28 /* MovieDetialsUseCase.swift in Sources */ = {isa = PBXBuildFile; fileRef = 327124F02C064F7F001B4E28 /* MovieDetialsUseCase.swift */; };
		327124F32C065428001B4E28 /* MovieDetailsViewModel.swift in Sources */ = {isa = PBXBuildFile; fileRef = 327124F22C065428001B4E28 /* MovieDetailsViewModel.swift */; };
		327124F52C0658BE001B4E28 /* MovieDetailsCellViewModel.swift in Sources */ = {isa = PBXBuildFile; fileRef = 327124F42C0658BE001B4E28 /* MovieDetailsCellViewModel.swift */; };
		327124F92C067492001B4E28 /* MovieDetailsViewController.xib in Resources */ = {isa = PBXBuildFile; fileRef = 327124F72C067492001B4E28 /* MovieDetailsViewController.xib */; };
		327124FC2C067569001B4E28 /* MovieDetailsImageTableViewCell.swift in Sources */ = {isa = PBXBuildFile; fileRef = 327124FA2C067569001B4E28 /* MovieDetailsImageTableViewCell.swift */; };
		327124FD2C067569001B4E28 /* MovieDetailsImageTableViewCell.xib in Resources */ = {isa = PBXBuildFile; fileRef = 327124FB2C067569001B4E28 /* MovieDetailsImageTableViewCell.xib */; };
		327125012C068D6C001B4E28 /* MovieDetailsDescriptionTableViewCell.swift in Sources */ = {isa = PBXBuildFile; fileRef = 327124FF2C068D6C001B4E28 /* MovieDetailsDescriptionTableViewCell.swift */; };
		327125022C068D6C001B4E28 /* MovieDetailsDescriptionTableViewCell.xib in Resources */ = {isa = PBXBuildFile; fileRef = 327125002C068D6C001B4E28 /* MovieDetailsDescriptionTableViewCell.xib */; };
		3271250C2C06912F001B4E28 /* MovieDetailsTitleValueTableViewCell.swift in Sources */ = {isa = PBXBuildFile; fileRef = 3271250A2C06912F001B4E28 /* MovieDetailsTitleValueTableViewCell.swift */; };
		3271250D2C06912F001B4E28 /* MovieDetailsTitleValueTableViewCell.xib in Resources */ = {isa = PBXBuildFile; fileRef = 3271250B2C06912F001B4E28 /* MovieDetailsTitleValueTableViewCell.xib */; };
		327125122C06A6E1001B4E28 /* MovieDetailsLocalDataRepository.swift in Sources */ = {isa = PBXBuildFile; fileRef = 327125112C06A6E1001B4E28 /* MovieDetailsLocalDataRepository.swift */; };
		327125172C06A72C001B4E28 /* MovieDetailsViewController.swift in Sources */ = {isa = PBXBuildFile; fileRef = 327125162C06A72C001B4E28 /* MovieDetailsViewController.swift */; };
		32A02FF72C03D1A30069C9EF /* ConfigurationRemoteDataRepository.swift in Sources */ = {isa = PBXBuildFile; fileRef = 32A02FF62C03D1A30069C9EF /* ConfigurationRemoteDataRepository.swift */; };
		32A02FF92C03D25D0069C9EF /* ConfigurationUseCase.swift in Sources */ = {isa = PBXBuildFile; fileRef = 32A02FF82C03D25D0069C9EF /* ConfigurationUseCase.swift */; };
		32A02FFB2C03D2F10069C9EF /* LandingViewModel.swift in Sources */ = {isa = PBXBuildFile; fileRef = 32A02FFA2C03D2F10069C9EF /* LandingViewModel.swift */; };
		32A02FFE2C03DDBD0069C9EF /* LandingViewController.swift in Sources */ = {isa = PBXBuildFile; fileRef = 32A02FFC2C03DDBD0069C9EF /* LandingViewController.swift */; };
		32A02FFF2C03DDBD0069C9EF /* LandingViewController.xib in Resources */ = {isa = PBXBuildFile; fileRef = 32A02FFD2C03DDBD0069C9EF /* LandingViewController.xib */; };
		32A030022C03DF3D0069C9EF /* Configuration.swift in Sources */ = {isa = PBXBuildFile; fileRef = 32A030012C03DF3D0069C9EF /* Configuration.swift */; };
		32A030042C03E1CF0069C9EF /* Constants.swift in Sources */ = {isa = PBXBuildFile; fileRef = 32A030032C03E1CF0069C9EF /* Constants.swift */; };
		32A030062C03F8070069C9EF /* ConfigurationLocalDataRepository.swift in Sources */ = {isa = PBXBuildFile; fileRef = 32A030052C03F8070069C9EF /* ConfigurationLocalDataRepository.swift */; };
		32A0300C2C04F2230069C9EF /* UIViewController+Alert.swift in Sources */ = {isa = PBXBuildFile; fileRef = 32A0300B2C04F2230069C9EF /* UIViewController+Alert.swift */; };
		32A0300E2C0530700069C9EF /* URLImage.swift in Sources */ = {isa = PBXBuildFile; fileRef = 32A0300D2C0530700069C9EF /* URLImage.swift */; };
		32A030122C0535740069C9EF /* MovieTableViewCell.swift in Sources */ = {isa = PBXBuildFile; fileRef = 32A030102C0535740069C9EF /* MovieTableViewCell.swift */; };
		32A030132C0535740069C9EF /* MovieTableViewCell.xib in Resources */ = {isa = PBXBuildFile; fileRef = 32A030112C0535740069C9EF /* MovieTableViewCell.xib */; };
/* End PBXBuildFile section */

/* Begin PBXContainerItemProxy section */
		32538CCF2C014E6D00B1649F /* PBXContainerItemProxy */ = {
			isa = PBXContainerItemProxy;
			containerPortal = 32538CB02C014E6B00B1649F /* Project object */;
			proxyType = 1;
			remoteGlobalIDString = 32538CB72C014E6B00B1649F;
			remoteInfo = Movies;
		};
		32538CD92C014E6D00B1649F /* PBXContainerItemProxy */ = {
			isa = PBXContainerItemProxy;
			containerPortal = 32538CB02C014E6B00B1649F /* Project object */;
			proxyType = 1;
			remoteGlobalIDString = 32538CB72C014E6B00B1649F;
			remoteInfo = Movies;
		};
/* End PBXContainerItemProxy section */

/* Begin PBXFileReference section */
		32538CB82C014E6B00B1649F /* Movies.app */ = {isa = PBXFileReference; explicitFileType = wrapper.application; includeInIndex = 0; path = Movies.app; sourceTree = BUILT_PRODUCTS_DIR; };
		32538CBB2C014E6B00B1649F /* AppDelegate.swift */ = {isa = PBXFileReference; lastKnownFileType = sourcecode.swift; path = AppDelegate.swift; sourceTree = "<group>"; };
		32538CBD2C014E6B00B1649F /* SceneDelegate.swift */ = {isa = PBXFileReference; lastKnownFileType = sourcecode.swift; path = SceneDelegate.swift; sourceTree = "<group>"; };
		32538CC42C014E6D00B1649F /* Assets.xcassets */ = {isa = PBXFileReference; lastKnownFileType = folder.assetcatalog; path = Assets.xcassets; sourceTree = "<group>"; };
		32538CC72C014E6D00B1649F /* Base */ = {isa = PBXFileReference; lastKnownFileType = file.storyboard; name = Base; path = Base.lproj/LaunchScreen.storyboard; sourceTree = "<group>"; };
		32538CC92C014E6D00B1649F /* Info.plist */ = {isa = PBXFileReference; lastKnownFileType = text.plist.xml; path = Info.plist; sourceTree = "<group>"; };
		32538CCE2C014E6D00B1649F /* MoviesTests.xctest */ = {isa = PBXFileReference; explicitFileType = wrapper.cfbundle; includeInIndex = 0; path = MoviesTests.xctest; sourceTree = BUILT_PRODUCTS_DIR; };
		32538CD22C014E6D00B1649F /* MoviesTests.swift */ = {isa = PBXFileReference; lastKnownFileType = sourcecode.swift; path = MoviesTests.swift; sourceTree = "<group>"; };
		32538CD82C014E6D00B1649F /* MoviesUITests.xctest */ = {isa = PBXFileReference; explicitFileType = wrapper.cfbundle; includeInIndex = 0; path = MoviesUITests.xctest; sourceTree = BUILT_PRODUCTS_DIR; };
		32538CDC2C014E6D00B1649F /* MoviesUITests.swift */ = {isa = PBXFileReference; lastKnownFileType = sourcecode.swift; path = MoviesUITests.swift; sourceTree = "<group>"; };
		32538CDE2C014E6D00B1649F /* MoviesUITestsLaunchTests.swift */ = {isa = PBXFileReference; lastKnownFileType = sourcecode.swift; path = MoviesUITestsLaunchTests.swift; sourceTree = "<group>"; };
		32538CEB2C02073400B1649F /* Coordinator.swift */ = {isa = PBXFileReference; lastKnownFileType = sourcecode.swift; path = Coordinator.swift; sourceTree = "<group>"; };
		32538CEE2C02077500B1649F /* AppCoordinator.swift */ = {isa = PBXFileReference; lastKnownFileType = sourcecode.swift; path = AppCoordinator.swift; sourceTree = "<group>"; };
		32538CF02C0207D900B1649F /* MoviesCoordinator.swift */ = {isa = PBXFileReference; lastKnownFileType = sourcecode.swift; path = MoviesCoordinator.swift; sourceTree = "<group>"; };
		32538CF22C0209B000B1649F /* MovieListType.swift */ = {isa = PBXFileReference; lastKnownFileType = sourcecode.swift; path = MovieListType.swift; sourceTree = "<group>"; };
		32538CF52C02115100B1649F /* MoviesListViewController.swift */ = {isa = PBXFileReference; lastKnownFileType = sourcecode.swift; path = MoviesListViewController.swift; sourceTree = "<group>"; };
		32538CF62C02115100B1649F /* MoviesListViewController.xib */ = {isa = PBXFileReference; lastKnownFileType = file.xib; path = MoviesListViewController.xib; sourceTree = "<group>"; };
		32538CFB2C0211D400B1649F /* MoviesListViewModel.swift */ = {isa = PBXFileReference; lastKnownFileType = sourcecode.swift; path = MoviesListViewModel.swift; sourceTree = "<group>"; };
		32538CFE2C02204B00B1649F /* DependencyContainer.swift */ = {isa = PBXFileReference; lastKnownFileType = sourcecode.swift; path = DependencyContainer.swift; sourceTree = "<group>"; };
		32538D012C0224FA00B1649F /* NetworkClient.swift */ = {isa = PBXFileReference; lastKnownFileType = sourcecode.swift; path = NetworkClient.swift; sourceTree = "<group>"; };
		32538D042C02255800B1649F /* EndPoints.swift */ = {isa = PBXFileReference; lastKnownFileType = sourcecode.swift; path = EndPoints.swift; sourceTree = "<group>"; };
		32538D062C02268700B1649F /* Movies.swift */ = {isa = PBXFileReference; lastKnownFileType = sourcecode.swift; path = Movies.swift; sourceTree = "<group>"; };
		32538D082C0228E800B1649F /* Error.swift */ = {isa = PBXFileReference; lastKnownFileType = sourcecode.swift; path = Error.swift; sourceTree = "<group>"; };
		32538D0A2C022C2300B1649F /* MoviesRemoteDataRepository.swift */ = {isa = PBXFileReference; lastKnownFileType = sourcecode.swift; path = MoviesRemoteDataRepository.swift; sourceTree = "<group>"; };
		32538D0C2C022D1200B1649F /* MoviesLocalDataReposistory.swift */ = {isa = PBXFileReference; lastKnownFileType = sourcecode.swift; path = MoviesLocalDataReposistory.swift; sourceTree = "<group>"; };
		32538D0E2C022D7D00B1649F /* MoviesListUseCase.swift */ = {isa = PBXFileReference; lastKnownFileType = sourcecode.swift; path = MoviesListUseCase.swift; sourceTree = "<group>"; };
		327124D32C053A00001B4E28 /* MovieCellViewModel.swift */ = {isa = PBXFileReference; lastKnownFileType = sourcecode.swift; path = MovieCellViewModel.swift; sourceTree = "<group>"; };
		327124D52C053CDD001B4E28 /* UITableView+Register.swift */ = {isa = PBXFileReference; lastKnownFileType = sourcecode.swift; path = "UITableView+Register.swift"; sourceTree = "<group>"; };
		327124D82C055566001B4E28 /* ToastView.swift */ = {isa = PBXFileReference; lastKnownFileType = sourcecode.swift; path = ToastView.swift; sourceTree = "<group>"; };
		327124E92C064068001B4E28 /* MovieDetails.swift */ = {isa = PBXFileReference; lastKnownFileType = sourcecode.swift; path = MovieDetails.swift; sourceTree = "<group>"; };
		327124EC2C064A8E001B4E28 /* MovieDetailsRemoteDataRepository.swift */ = {isa = PBXFileReference; lastKnownFileType = sourcecode.swift; path = MovieDetailsRemoteDataRepository.swift; sourceTree = "<group>"; };
		327124F02C064F7F001B4E28 /* MovieDetialsUseCase.swift */ = {isa = PBXFileReference; lastKnownFileType = sourcecode.swift; path = MovieDetialsUseCase.swift; sourceTree = "<group>"; };
		327124F22C065428001B4E28 /* MovieDetailsViewModel.swift */ = {isa = PBXFileReference; lastKnownFileType = sourcecode.swift; path = MovieDetailsViewModel.swift; sourceTree = "<group>"; };
		327124F42C0658BE001B4E28 /* MovieDetailsCellViewModel.swift */ = {isa = PBXFileReference; lastKnownFileType = sourcecode.swift; path = MovieDetailsCellViewModel.swift; sourceTree = "<group>"; };
		327124F72C067492001B4E28 /* MovieDetailsViewController.xib */ = {isa = PBXFileReference; lastKnownFileType = file.xib; path = MovieDetailsViewController.xib; sourceTree = "<group>"; };
		327124FA2C067569001B4E28 /* MovieDetailsImageTableViewCell.swift */ = {isa = PBXFileReference; lastKnownFileType = sourcecode.swift; path = MovieDetailsImageTableViewCell.swift; sourceTree = "<group>"; };
		327124FB2C067569001B4E28 /* MovieDetailsImageTableViewCell.xib */ = {isa = PBXFileReference; lastKnownFileType = file.xib; path = MovieDetailsImageTableViewCell.xib; sourceTree = "<group>"; };
		327124FF2C068D6C001B4E28 /* MovieDetailsDescriptionTableViewCell.swift */ = {isa = PBXFileReference; lastKnownFileType = sourcecode.swift; path = MovieDetailsDescriptionTableViewCell.swift; sourceTree = "<group>"; };
		327125002C068D6C001B4E28 /* MovieDetailsDescriptionTableViewCell.xib */ = {isa = PBXFileReference; lastKnownFileType = file.xib; path = MovieDetailsDescriptionTableViewCell.xib; sourceTree = "<group>"; };
		3271250A2C06912F001B4E28 /* MovieDetailsTitleValueTableViewCell.swift */ = {isa = PBXFileReference; lastKnownFileType = sourcecode.swift; path = MovieDetailsTitleValueTableViewCell.swift; sourceTree = "<group>"; };
		3271250B2C06912F001B4E28 /* MovieDetailsTitleValueTableViewCell.xib */ = {isa = PBXFileReference; lastKnownFileType = file.xib; path = MovieDetailsTitleValueTableViewCell.xib; sourceTree = "<group>"; };
		327125112C06A6E1001B4E28 /* MovieDetailsLocalDataRepository.swift */ = {isa = PBXFileReference; fileEncoding = 4; lastKnownFileType = sourcecode.swift; path = MovieDetailsLocalDataRepository.swift; sourceTree = "<group>"; };
		327125162C06A72C001B4E28 /* MovieDetailsViewController.swift */ = {isa = PBXFileReference; fileEncoding = 4; lastKnownFileType = sourcecode.swift; path = MovieDetailsViewController.swift; sourceTree = "<group>"; };
		32A02FF62C03D1A30069C9EF /* ConfigurationRemoteDataRepository.swift */ = {isa = PBXFileReference; lastKnownFileType = sourcecode.swift; path = ConfigurationRemoteDataRepository.swift; sourceTree = "<group>"; };
		32A02FF82C03D25D0069C9EF /* ConfigurationUseCase.swift */ = {isa = PBXFileReference; lastKnownFileType = sourcecode.swift; path = ConfigurationUseCase.swift; sourceTree = "<group>"; };
		32A02FFA2C03D2F10069C9EF /* LandingViewModel.swift */ = {isa = PBXFileReference; lastKnownFileType = sourcecode.swift; path = LandingViewModel.swift; sourceTree = "<group>"; };
		32A02FFC2C03DDBD0069C9EF /* LandingViewController.swift */ = {isa = PBXFileReference; lastKnownFileType = sourcecode.swift; path = LandingViewController.swift; sourceTree = "<group>"; };
		32A02FFD2C03DDBD0069C9EF /* LandingViewController.xib */ = {isa = PBXFileReference; lastKnownFileType = file.xib; path = LandingViewController.xib; sourceTree = "<group>"; };
		32A030012C03DF3D0069C9EF /* Configuration.swift */ = {isa = PBXFileReference; lastKnownFileType = sourcecode.swift; path = Configuration.swift; sourceTree = "<group>"; };
		32A030032C03E1CF0069C9EF /* Constants.swift */ = {isa = PBXFileReference; lastKnownFileType = sourcecode.swift; path = Constants.swift; sourceTree = "<group>"; };
		32A030052C03F8070069C9EF /* ConfigurationLocalDataRepository.swift */ = {isa = PBXFileReference; lastKnownFileType = sourcecode.swift; path = ConfigurationLocalDataRepository.swift; sourceTree = "<group>"; };
		32A0300B2C04F2230069C9EF /* UIViewController+Alert.swift */ = {isa = PBXFileReference; fileEncoding = 4; lastKnownFileType = sourcecode.swift; path = "UIViewController+Alert.swift"; sourceTree = "<group>"; };
		32A0300D2C0530700069C9EF /* URLImage.swift */ = {isa = PBXFileReference; lastKnownFileType = sourcecode.swift; path = URLImage.swift; sourceTree = "<group>"; };
		32A030102C0535740069C9EF /* MovieTableViewCell.swift */ = {isa = PBXFileReference; lastKnownFileType = sourcecode.swift; path = MovieTableViewCell.swift; sourceTree = "<group>"; };
		32A030112C0535740069C9EF /* MovieTableViewCell.xib */ = {isa = PBXFileReference; lastKnownFileType = file.xib; path = MovieTableViewCell.xib; sourceTree = "<group>"; };
/* End PBXFileReference section */

/* Begin PBXFrameworksBuildPhase section */
		32538CB52C014E6B00B1649F /* Frameworks */ = {
			isa = PBXFrameworksBuildPhase;
			buildActionMask = 2147483647;
			files = (
			);
			runOnlyForDeploymentPostprocessing = 0;
		};
		32538CCB2C014E6D00B1649F /* Frameworks */ = {
			isa = PBXFrameworksBuildPhase;
			buildActionMask = 2147483647;
			files = (
			);
			runOnlyForDeploymentPostprocessing = 0;
		};
		32538CD52C014E6D00B1649F /* Frameworks */ = {
			isa = PBXFrameworksBuildPhase;
			buildActionMask = 2147483647;
			files = (
			);
			runOnlyForDeploymentPostprocessing = 0;
		};
/* End PBXFrameworksBuildPhase section */

/* Begin PBXGroup section */
		32538CAF2C014E6B00B1649F = {
			isa = PBXGroup;
			children = (
				32538CBA2C014E6B00B1649F /* Movies */,
				32538CD12C014E6D00B1649F /* MoviesTests */,
				32538CDB2C014E6D00B1649F /* MoviesUITests */,
				32538CB92C014E6B00B1649F /* Products */,
			);
			sourceTree = "<group>";
		};
		32538CB92C014E6B00B1649F /* Products */ = {
			isa = PBXGroup;
			children = (
				32538CB82C014E6B00B1649F /* Movies.app */,
				32538CCE2C014E6D00B1649F /* MoviesTests.xctest */,
				32538CD82C014E6D00B1649F /* MoviesUITests.xctest */,
			);
			name = Products;
			sourceTree = "<group>";
		};
		32538CBA2C014E6B00B1649F /* Movies */ = {
			isa = PBXGroup;
			children = (
				32538D172C02780C00B1649F /* Utilites */,
				32538CED2C02073B00B1649F /* Coordinator */,
				32538D132C02725F00B1649F /* Domain */,
				32538D002C02208B00B1649F /* Data */,
				32538D162C02761000B1649F /* Presentation */,
				32538D192C02794D00B1649F /* AppSceneDelegate */,
				32538CC42C014E6D00B1649F /* Assets.xcassets */,
				32538CC62C014E6D00B1649F /* LaunchScreen.storyboard */,
				32538CC92C014E6D00B1649F /* Info.plist */,
			);
			path = Movies;
			sourceTree = "<group>";
		};
		32538CD12C014E6D00B1649F /* MoviesTests */ = {
			isa = PBXGroup;
			children = (
				32538CD22C014E6D00B1649F /* MoviesTests.swift */,
			);
			path = MoviesTests;
			sourceTree = "<group>";
		};
		32538CDB2C014E6D00B1649F /* MoviesUITests */ = {
			isa = PBXGroup;
			children = (
				32538CDC2C014E6D00B1649F /* MoviesUITests.swift */,
				32538CDE2C014E6D00B1649F /* MoviesUITestsLaunchTests.swift */,
			);
			path = MoviesUITests;
			sourceTree = "<group>";
		};
		32538CED2C02073B00B1649F /* Coordinator */ = {
			isa = PBXGroup;
			children = (
				32538CEB2C02073400B1649F /* Coordinator.swift */,
				32538CEE2C02077500B1649F /* AppCoordinator.swift */,
				32538CF02C0207D900B1649F /* MoviesCoordinator.swift */,
			);
			path = Coordinator;
			sourceTree = "<group>";
		};
		32538CF92C02115900B1649F /* Views */ = {
			isa = PBXGroup;
			children = (
				32A030002C03DDC30069C9EF /* Landing */,
				32538CFA2C02116700B1649F /* MoviesList */,
				327124FE2C068AE0001B4E28 /* MovieDetails */,
			);
			path = Views;
			sourceTree = "<group>";
		};
		32538CFA2C02116700B1649F /* MoviesList */ = {
			isa = PBXGroup;
			children = (
				32A0300F2C05353C0069C9EF /* ViewController */,
				327125142C06A6FD001B4E28 /* MovieTableViewCell */,
			);
			path = MoviesList;
			sourceTree = "<group>";
		};
		32538CFD2C0211DA00B1649F /* ViewModels */ = {
			isa = PBXGroup;
			children = (
				327125182C06A741001B4E28 /* MoviesList */,
				32A02FFA2C03D2F10069C9EF /* LandingViewModel.swift */,
				327125192C06A751001B4E28 /* MovieDetails */,
			);
			path = ViewModels;
			sourceTree = "<group>";
		};
		32538D002C02208B00B1649F /* Data */ = {
			isa = PBXGroup;
			children = (
				32538D032C02250400B1649F /* Network */,
				32538D152C0275BF00B1649F /* DataRepository */,
			);
			path = Data;
			sourceTree = "<group>";
		};
		32538D032C02250400B1649F /* Network */ = {
			isa = PBXGroup;
			children = (
				32538D012C0224FA00B1649F /* NetworkClient.swift */,
				32538D042C02255800B1649F /* EndPoints.swift */,
			);
			path = Network;
			sourceTree = "<group>";
		};
		32538D122C02724300B1649F /* Entities */ = {
			isa = PBXGroup;
			children = (
				32538CF22C0209B000B1649F /* MovieListType.swift */,
				32538D062C02268700B1649F /* Movies.swift */,
				32538D082C0228E800B1649F /* Error.swift */,
				32A030012C03DF3D0069C9EF /* Configuration.swift */,
				327124E92C064068001B4E28 /* MovieDetails.swift */,
			);
			path = Entities;
			sourceTree = "<group>";
		};
		32538D132C02725F00B1649F /* Domain */ = {
			isa = PBXGroup;
			children = (
				32538D142C02727200B1649F /* UseCases */,
				32538D122C02724300B1649F /* Entities */,
			);
			path = Domain;
			sourceTree = "<group>";
		};
		32538D142C02727200B1649F /* UseCases */ = {
			isa = PBXGroup;
			children = (
				32538D0E2C022D7D00B1649F /* MoviesListUseCase.swift */,
				32A02FF82C03D25D0069C9EF /* ConfigurationUseCase.swift */,
				327124F02C064F7F001B4E28 /* MovieDetialsUseCase.swift */,
			);
			path = UseCases;
			sourceTree = "<group>";
		};
		32538D152C0275BF00B1649F /* DataRepository */ = {
			isa = PBXGroup;
			children = (
				3271250F2C06A696001B4E28 /* MoviesList */,
				327125132C06A6EA001B4E28 /* Configuration */,
				327125102C06A6C3001B4E28 /* MovieDetails */,
			);
			path = DataRepository;
			sourceTree = "<group>";
		};
		32538D162C02761000B1649F /* Presentation */ = {
			isa = PBXGroup;
			children = (
				32538CF92C02115900B1649F /* Views */,
				32538CFD2C0211DA00B1649F /* ViewModels */,
			);
			path = Presentation;
			sourceTree = "<group>";
		};
		32538D172C02780C00B1649F /* Utilites */ = {
			isa = PBXGroup;
			children = (
				32538D182C02791E00B1649F /* Dependencies */,
				32A030072C04D5280069C9EF /* Constants */,
				32A0300A2C04F1D70069C9EF /* Extensions */,
				327124D72C055551001B4E28 /* CustomViews */,
			);
			path = Utilites;
			sourceTree = "<group>";
		};
		32538D182C02791E00B1649F /* Dependencies */ = {
			isa = PBXGroup;
			children = (
				32538CFE2C02204B00B1649F /* DependencyContainer.swift */,
			);
			path = Dependencies;
			sourceTree = "<group>";
		};
		32538D192C02794D00B1649F /* AppSceneDelegate */ = {
			isa = PBXGroup;
			children = (
				32538CBB2C014E6B00B1649F /* AppDelegate.swift */,
				32538CBD2C014E6B00B1649F /* SceneDelegate.swift */,
			);
			path = AppSceneDelegate;
			sourceTree = "<group>";
		};
		327124D72C055551001B4E28 /* CustomViews */ = {
			isa = PBXGroup;
			children = (
				32A0300D2C0530700069C9EF /* URLImage.swift */,
				327124D82C055566001B4E28 /* ToastView.swift */,
			);
			path = CustomViews;
			sourceTree = "<group>";
		};
		327124FE2C068AE0001B4E28 /* MovieDetails */ = {
			isa = PBXGroup;
			children = (
				327125152C06A714001B4E28 /* ViewController */,
				327125072C06900C001B4E28 /* MovieDetailsImage */,
				327125082C06901C001B4E28 /* MovieDetailsDescription */,
				3271250E2C0691C7001B4E28 /* MovieDetailsTitleValue */,
			);
			path = MovieDetails;
			sourceTree = "<group>";
		};
		327125072C06900C001B4E28 /* MovieDetailsImage */ = {
			isa = PBXGroup;
			children = (
				327124FA2C067569001B4E28 /* MovieDetailsImageTableViewCell.swift */,
				327124FB2C067569001B4E28 /* MovieDetailsImageTableViewCell.xib */,
			);
			path = MovieDetailsImage;
			sourceTree = "<group>";
		};
		327125082C06901C001B4E28 /* MovieDetailsDescription */ = {
			isa = PBXGroup;
			children = (
				327124FF2C068D6C001B4E28 /* MovieDetailsDescriptionTableViewCell.swift */,
				327125002C068D6C001B4E28 /* MovieDetailsDescriptionTableViewCell.xib */,
			);
			path = MovieDetailsDescription;
			sourceTree = "<group>";
		};
		3271250E2C0691C7001B4E28 /* MovieDetailsTitleValue */ = {
			isa = PBXGroup;
			children = (
				3271250A2C06912F001B4E28 /* MovieDetailsTitleValueTableViewCell.swift */,
				3271250B2C06912F001B4E28 /* MovieDetailsTitleValueTableViewCell.xib */,
			);
			path = MovieDetailsTitleValue;
			sourceTree = "<group>";
		};
		3271250F2C06A696001B4E28 /* MoviesList */ = {
			isa = PBXGroup;
			children = (
				32538D0A2C022C2300B1649F /* MoviesRemoteDataRepository.swift */,
				32538D0C2C022D1200B1649F /* MoviesLocalDataReposistory.swift */,
			);
			path = MoviesList;
			sourceTree = "<group>";
		};
		327125102C06A6C3001B4E28 /* MovieDetails */ = {
			isa = PBXGroup;
			children = (
				327124EC2C064A8E001B4E28 /* MovieDetailsRemoteDataRepository.swift */,
				327125112C06A6E1001B4E28 /* MovieDetailsLocalDataRepository.swift */,
			);
			path = MovieDetails;
			sourceTree = "<group>";
		};
		327125132C06A6EA001B4E28 /* Configuration */ = {
			isa = PBXGroup;
			children = (
				32A02FF62C03D1A30069C9EF /* ConfigurationRemoteDataRepository.swift */,
				32A030052C03F8070069C9EF /* ConfigurationLocalDataRepository.swift */,
			);
			path = Configuration;
			sourceTree = "<group>";
		};
		327125142C06A6FD001B4E28 /* MovieTableViewCell */ = {
			isa = PBXGroup;
			children = (
				32A030102C0535740069C9EF /* MovieTableViewCell.swift */,
				32A030112C0535740069C9EF /* MovieTableViewCell.xib */,
			);
			path = MovieTableViewCell;
			sourceTree = "<group>";
		};
		327125152C06A714001B4E28 /* ViewController */ = {
			isa = PBXGroup;
			children = (
				327125162C06A72C001B4E28 /* MovieDetailsViewController.swift */,
				327124F72C067492001B4E28 /* MovieDetailsViewController.xib */,
			);
			path = ViewController;
			sourceTree = "<group>";
		};
		327125182C06A741001B4E28 /* MoviesList */ = {
			isa = PBXGroup;
			children = (
				32538CFB2C0211D400B1649F /* MoviesListViewModel.swift */,
				327124D32C053A00001B4E28 /* MovieCellViewModel.swift */,
			);
			path = MoviesList;
			sourceTree = "<group>";
		};
		327125192C06A751001B4E28 /* MovieDetails */ = {
			isa = PBXGroup;
			children = (
				327124F22C065428001B4E28 /* MovieDetailsViewModel.swift */,
				327124F42C0658BE001B4E28 /* MovieDetailsCellViewModel.swift */,
			);
			path = MovieDetails;
			sourceTree = "<group>";
		};
		32A030002C03DDC30069C9EF /* Landing */ = {
			isa = PBXGroup;
			children = (
				32A02FFC2C03DDBD0069C9EF /* LandingViewController.swift */,
				32A02FFD2C03DDBD0069C9EF /* LandingViewController.xib */,
			);
			path = Landing;
			sourceTree = "<group>";
		};
		32A030072C04D5280069C9EF /* Constants */ = {
			isa = PBXGroup;
			children = (
				32A030032C03E1CF0069C9EF /* Constants.swift */,
			);
			path = Constants;
			sourceTree = "<group>";
		};
		32A0300A2C04F1D70069C9EF /* Extensions */ = {
			isa = PBXGroup;
			children = (
				32A0300B2C04F2230069C9EF /* UIViewController+Alert.swift */,
				327124D52C053CDD001B4E28 /* UITableView+Register.swift */,
			);
			path = Extensions;
			sourceTree = "<group>";
		};
		32A0300F2C05353C0069C9EF /* ViewController */ = {
			isa = PBXGroup;
			children = (
				32538CF52C02115100B1649F /* MoviesListViewController.swift */,
				32538CF62C02115100B1649F /* MoviesListViewController.xib */,
			);
			path = ViewController;
			sourceTree = "<group>";
		};
/* End PBXGroup section */

/* Begin PBXNativeTarget section */
		32538CB72C014E6B00B1649F /* Movies */ = {
			isa = PBXNativeTarget;
			buildConfigurationList = 32538CE22C014E6D00B1649F /* Build configuration list for PBXNativeTarget "Movies" */;
			buildPhases = (
				32538CB42C014E6B00B1649F /* Sources */,
				32538CB52C014E6B00B1649F /* Frameworks */,
				32538CB62C014E6B00B1649F /* Resources */,
			);
			buildRules = (
			);
			dependencies = (
			);
			name = Movies;
			productName = Movies;
			productReference = 32538CB82C014E6B00B1649F /* Movies.app */;
			productType = "com.apple.product-type.application";
		};
		32538CCD2C014E6D00B1649F /* MoviesTests */ = {
			isa = PBXNativeTarget;
			buildConfigurationList = 32538CE52C014E6D00B1649F /* Build configuration list for PBXNativeTarget "MoviesTests" */;
			buildPhases = (
				32538CCA2C014E6D00B1649F /* Sources */,
				32538CCB2C014E6D00B1649F /* Frameworks */,
				32538CCC2C014E6D00B1649F /* Resources */,
			);
			buildRules = (
			);
			dependencies = (
				32538CD02C014E6D00B1649F /* PBXTargetDependency */,
			);
			name = MoviesTests;
			productName = MoviesTests;
			productReference = 32538CCE2C014E6D00B1649F /* MoviesTests.xctest */;
			productType = "com.apple.product-type.bundle.unit-test";
		};
		32538CD72C014E6D00B1649F /* MoviesUITests */ = {
			isa = PBXNativeTarget;
			buildConfigurationList = 32538CE82C014E6D00B1649F /* Build configuration list for PBXNativeTarget "MoviesUITests" */;
			buildPhases = (
				32538CD42C014E6D00B1649F /* Sources */,
				32538CD52C014E6D00B1649F /* Frameworks */,
				32538CD62C014E6D00B1649F /* Resources */,
			);
			buildRules = (
			);
			dependencies = (
				32538CDA2C014E6D00B1649F /* PBXTargetDependency */,
			);
			name = MoviesUITests;
			productName = MoviesUITests;
			productReference = 32538CD82C014E6D00B1649F /* MoviesUITests.xctest */;
			productType = "com.apple.product-type.bundle.ui-testing";
		};
/* End PBXNativeTarget section */

/* Begin PBXProject section */
		32538CB02C014E6B00B1649F /* Project object */ = {
			isa = PBXProject;
			attributes = {
				BuildIndependentTargetsInParallel = 1;
				LastSwiftUpdateCheck = 1530;
				LastUpgradeCheck = 1530;
				TargetAttributes = {
					32538CB72C014E6B00B1649F = {
						CreatedOnToolsVersion = 15.3;
					};
					32538CCD2C014E6D00B1649F = {
						CreatedOnToolsVersion = 15.3;
						TestTargetID = 32538CB72C014E6B00B1649F;
					};
					32538CD72C014E6D00B1649F = {
						CreatedOnToolsVersion = 15.3;
						TestTargetID = 32538CB72C014E6B00B1649F;
					};
				};
			};
			buildConfigurationList = 32538CB32C014E6B00B1649F /* Build configuration list for PBXProject "Movies" */;
			compatibilityVersion = "Xcode 14.0";
			developmentRegion = en;
			hasScannedForEncodings = 0;
			knownRegions = (
				en,
				Base,
			);
			mainGroup = 32538CAF2C014E6B00B1649F;
			productRefGroup = 32538CB92C014E6B00B1649F /* Products */;
			projectDirPath = "";
			projectRoot = "";
			targets = (
				32538CB72C014E6B00B1649F /* Movies */,
				32538CCD2C014E6D00B1649F /* MoviesTests */,
				32538CD72C014E6D00B1649F /* MoviesUITests */,
			);
		};
/* End PBXProject section */

/* Begin PBXResourcesBuildPhase section */
		32538CB62C014E6B00B1649F /* Resources */ = {
			isa = PBXResourcesBuildPhase;
			buildActionMask = 2147483647;
			files = (
				3271250D2C06912F001B4E28 /* MovieDetailsTitleValueTableViewCell.xib in Resources */,
				32538CC52C014E6D00B1649F /* Assets.xcassets in Resources */,
				327124FD2C067569001B4E28 /* MovieDetailsImageTableViewCell.xib in Resources */,
				32A030132C0535740069C9EF /* MovieTableViewCell.xib in Resources */,
				32538CC82C014E6D00B1649F /* Base in Resources */,
				32A02FFF2C03DDBD0069C9EF /* LandingViewController.xib in Resources */,
				327124F92C067492001B4E28 /* MovieDetailsViewController.xib in Resources */,
				327125022C068D6C001B4E28 /* MovieDetailsDescriptionTableViewCell.xib in Resources */,
				32538CF72C02115100B1649F /* MoviesListViewController.xib in Resources */,
			);
			runOnlyForDeploymentPostprocessing = 0;
		};
		32538CCC2C014E6D00B1649F /* Resources */ = {
			isa = PBXResourcesBuildPhase;
			buildActionMask = 2147483647;
			files = (
			);
			runOnlyForDeploymentPostprocessing = 0;
		};
		32538CD62C014E6D00B1649F /* Resources */ = {
			isa = PBXResourcesBuildPhase;
			buildActionMask = 2147483647;
			files = (
			);
			runOnlyForDeploymentPostprocessing = 0;
		};
/* End PBXResourcesBuildPhase section */

/* Begin PBXSourcesBuildPhase section */
		32538CB42C014E6B00B1649F /* Sources */ = {
			isa = PBXSourcesBuildPhase;
			buildActionMask = 2147483647;
			files = (
				327125172C06A72C001B4E28 /* MovieDetailsViewController.swift in Sources */,
				32538CF82C02115100B1649F /* MoviesListViewController.swift in Sources */,
				32A030042C03E1CF0069C9EF /* Constants.swift in Sources */,
				327124D62C053CDD001B4E28 /* UITableView+Register.swift in Sources */,
				32538D022C0224FB00B1649F /* NetworkClient.swift in Sources */,
				3271250C2C06912F001B4E28 /* MovieDetailsTitleValueTableViewCell.swift in Sources */,
				32538CEF2C02077500B1649F /* AppCoordinator.swift in Sources */,
				327124D42C053A00001B4E28 /* MovieCellViewModel.swift in Sources */,
				32538D0B2C022C2300B1649F /* MoviesRemoteDataRepository.swift in Sources */,
				32A0300C2C04F2230069C9EF /* UIViewController+Alert.swift in Sources */,
				32538CBC2C014E6B00B1649F /* AppDelegate.swift in Sources */,
				327124F52C0658BE001B4E28 /* MovieDetailsCellViewModel.swift in Sources */,
				32538CEC2C02073400B1649F /* Coordinator.swift in Sources */,
				32538D092C0228E800B1649F /* Error.swift in Sources */,
				32A030062C03F8070069C9EF /* ConfigurationLocalDataRepository.swift in Sources */,
				32538CF12C0207D900B1649F /* MoviesCoordinator.swift in Sources */,
				32538CFF2C02204B00B1649F /* DependencyContainer.swift in Sources */,
				32A030122C0535740069C9EF /* MovieTableViewCell.swift in Sources */,
				32A030022C03DF3D0069C9EF /* Configuration.swift in Sources */,
				32A02FF72C03D1A30069C9EF /* ConfigurationRemoteDataRepository.swift in Sources */,
				32538CF32C0209B000B1649F /* MovieListType.swift in Sources */,
				32538D0F2C022D7D00B1649F /* MoviesListUseCase.swift in Sources */,
				32A02FF92C03D25D0069C9EF /* ConfigurationUseCase.swift in Sources */,
				327124ED2C064A8E001B4E28 /* MovieDetailsRemoteDataRepository.swift in Sources */,
				327125012C068D6C001B4E28 /* MovieDetailsDescriptionTableViewCell.swift in Sources */,
				327124FC2C067569001B4E28 /* MovieDetailsImageTableViewCell.swift in Sources */,
				327125122C06A6E1001B4E28 /* MovieDetailsLocalDataRepository.swift in Sources */,
				327124D92C055566001B4E28 /* ToastView.swift in Sources */,
				327124F12C064F7F001B4E28 /* MovieDetialsUseCase.swift in Sources */,
				32538D072C02268700B1649F /* Movies.swift in Sources */,
				32538CBE2C014E6B00B1649F /* SceneDelegate.swift in Sources */,
				327124F32C065428001B4E28 /* MovieDetailsViewModel.swift in Sources */,
				327124EA2C064068001B4E28 /* MovieDetails.swift in Sources */,
				32538D0D2C022D1200B1649F /* MoviesLocalDataReposistory.swift in Sources */,
				32538CFC2C0211D400B1649F /* MoviesListViewModel.swift in Sources */,
				32A02FFB2C03D2F10069C9EF /* LandingViewModel.swift in Sources */,
				32A02FFE2C03DDBD0069C9EF /* LandingViewController.swift in Sources */,
				32A0300E2C0530700069C9EF /* URLImage.swift in Sources */,
				32538D052C02255800B1649F /* EndPoints.swift in Sources */,
			);
			runOnlyForDeploymentPostprocessing = 0;
		};
		32538CCA2C014E6D00B1649F /* Sources */ = {
			isa = PBXSourcesBuildPhase;
			buildActionMask = 2147483647;
			files = (
				32538CD32C014E6D00B1649F /* MoviesTests.swift in Sources */,
			);
			runOnlyForDeploymentPostprocessing = 0;
		};
		32538CD42C014E6D00B1649F /* Sources */ = {
			isa = PBXSourcesBuildPhase;
			buildActionMask = 2147483647;
			files = (
				32538CDD2C014E6D00B1649F /* MoviesUITests.swift in Sources */,
				32538CDF2C014E6D00B1649F /* MoviesUITestsLaunchTests.swift in Sources */,
			);
			runOnlyForDeploymentPostprocessing = 0;
		};
/* End PBXSourcesBuildPhase section */

/* Begin PBXTargetDependency section */
		32538CD02C014E6D00B1649F /* PBXTargetDependency */ = {
			isa = PBXTargetDependency;
			target = 32538CB72C014E6B00B1649F /* Movies */;
			targetProxy = 32538CCF2C014E6D00B1649F /* PBXContainerItemProxy */;
		};
		32538CDA2C014E6D00B1649F /* PBXTargetDependency */ = {
			isa = PBXTargetDependency;
			target = 32538CB72C014E6B00B1649F /* Movies */;
			targetProxy = 32538CD92C014E6D00B1649F /* PBXContainerItemProxy */;
		};
/* End PBXTargetDependency section */

/* Begin PBXVariantGroup section */
		32538CC62C014E6D00B1649F /* LaunchScreen.storyboard */ = {
			isa = PBXVariantGroup;
			children = (
				32538CC72C014E6D00B1649F /* Base */,
			);
			name = LaunchScreen.storyboard;
			sourceTree = "<group>";
		};
/* End PBXVariantGroup section */

/* Begin XCBuildConfiguration section */
		32538CE02C014E6D00B1649F /* Debug */ = {
			isa = XCBuildConfiguration;
			buildSettings = {
				ALWAYS_SEARCH_USER_PATHS = NO;
				ASSETCATALOG_COMPILER_GENERATE_SWIFT_ASSET_SYMBOL_EXTENSIONS = YES;
				CLANG_ANALYZER_NONNULL = YES;
				CLANG_ANALYZER_NUMBER_OBJECT_CONVERSION = YES_AGGRESSIVE;
				CLANG_CXX_LANGUAGE_STANDARD = "gnu++20";
				CLANG_ENABLE_MODULES = YES;
				CLANG_ENABLE_OBJC_ARC = YES;
				CLANG_ENABLE_OBJC_WEAK = YES;
				CLANG_WARN_BLOCK_CAPTURE_AUTORELEASING = YES;
				CLANG_WARN_BOOL_CONVERSION = YES;
				CLANG_WARN_COMMA = YES;
				CLANG_WARN_CONSTANT_CONVERSION = YES;
				CLANG_WARN_DEPRECATED_OBJC_IMPLEMENTATIONS = YES;
				CLANG_WARN_DIRECT_OBJC_ISA_USAGE = YES_ERROR;
				CLANG_WARN_DOCUMENTATION_COMMENTS = YES;
				CLANG_WARN_EMPTY_BODY = YES;
				CLANG_WARN_ENUM_CONVERSION = YES;
				CLANG_WARN_INFINITE_RECURSION = YES;
				CLANG_WARN_INT_CONVERSION = YES;
				CLANG_WARN_NON_LITERAL_NULL_CONVERSION = YES;
				CLANG_WARN_OBJC_IMPLICIT_RETAIN_SELF = YES;
				CLANG_WARN_OBJC_LITERAL_CONVERSION = YES;
				CLANG_WARN_OBJC_ROOT_CLASS = YES_ERROR;
				CLANG_WARN_QUOTED_INCLUDE_IN_FRAMEWORK_HEADER = YES;
				CLANG_WARN_RANGE_LOOP_ANALYSIS = YES;
				CLANG_WARN_STRICT_PROTOTYPES = YES;
				CLANG_WARN_SUSPICIOUS_MOVE = YES;
				CLANG_WARN_UNGUARDED_AVAILABILITY = YES_AGGRESSIVE;
				CLANG_WARN_UNREACHABLE_CODE = YES;
				CLANG_WARN__DUPLICATE_METHOD_MATCH = YES;
				COPY_PHASE_STRIP = NO;
				DEBUG_INFORMATION_FORMAT = dwarf;
				ENABLE_STRICT_OBJC_MSGSEND = YES;
				ENABLE_TESTABILITY = YES;
				ENABLE_USER_SCRIPT_SANDBOXING = YES;
				GCC_C_LANGUAGE_STANDARD = gnu17;
				GCC_DYNAMIC_NO_PIC = NO;
				GCC_NO_COMMON_BLOCKS = YES;
				GCC_OPTIMIZATION_LEVEL = 0;
				GCC_PREPROCESSOR_DEFINITIONS = (
					"DEBUG=1",
					"$(inherited)",
				);
				GCC_WARN_64_TO_32_BIT_CONVERSION = YES;
				GCC_WARN_ABOUT_RETURN_TYPE = YES_ERROR;
				GCC_WARN_UNDECLARED_SELECTOR = YES;
				GCC_WARN_UNINITIALIZED_AUTOS = YES_AGGRESSIVE;
				GCC_WARN_UNUSED_FUNCTION = YES;
				GCC_WARN_UNUSED_VARIABLE = YES;
				IPHONEOS_DEPLOYMENT_TARGET = 17.4;
				LOCALIZATION_PREFERS_STRING_CATALOGS = YES;
				MTL_ENABLE_DEBUG_INFO = INCLUDE_SOURCE;
				MTL_FAST_MATH = YES;
				ONLY_ACTIVE_ARCH = YES;
				SDKROOT = iphoneos;
				SWIFT_ACTIVE_COMPILATION_CONDITIONS = "DEBUG $(inherited)";
				SWIFT_OPTIMIZATION_LEVEL = "-Onone";
			};
			name = Debug;
		};
		32538CE12C014E6D00B1649F /* Release */ = {
			isa = XCBuildConfiguration;
			buildSettings = {
				ALWAYS_SEARCH_USER_PATHS = NO;
				ASSETCATALOG_COMPILER_GENERATE_SWIFT_ASSET_SYMBOL_EXTENSIONS = YES;
				CLANG_ANALYZER_NONNULL = YES;
				CLANG_ANALYZER_NUMBER_OBJECT_CONVERSION = YES_AGGRESSIVE;
				CLANG_CXX_LANGUAGE_STANDARD = "gnu++20";
				CLANG_ENABLE_MODULES = YES;
				CLANG_ENABLE_OBJC_ARC = YES;
				CLANG_ENABLE_OBJC_WEAK = YES;
				CLANG_WARN_BLOCK_CAPTURE_AUTORELEASING = YES;
				CLANG_WARN_BOOL_CONVERSION = YES;
				CLANG_WARN_COMMA = YES;
				CLANG_WARN_CONSTANT_CONVERSION = YES;
				CLANG_WARN_DEPRECATED_OBJC_IMPLEMENTATIONS = YES;
				CLANG_WARN_DIRECT_OBJC_ISA_USAGE = YES_ERROR;
				CLANG_WARN_DOCUMENTATION_COMMENTS = YES;
				CLANG_WARN_EMPTY_BODY = YES;
				CLANG_WARN_ENUM_CONVERSION = YES;
				CLANG_WARN_INFINITE_RECURSION = YES;
				CLANG_WARN_INT_CONVERSION = YES;
				CLANG_WARN_NON_LITERAL_NULL_CONVERSION = YES;
				CLANG_WARN_OBJC_IMPLICIT_RETAIN_SELF = YES;
				CLANG_WARN_OBJC_LITERAL_CONVERSION = YES;
				CLANG_WARN_OBJC_ROOT_CLASS = YES_ERROR;
				CLANG_WARN_QUOTED_INCLUDE_IN_FRAMEWORK_HEADER = YES;
				CLANG_WARN_RANGE_LOOP_ANALYSIS = YES;
				CLANG_WARN_STRICT_PROTOTYPES = YES;
				CLANG_WARN_SUSPICIOUS_MOVE = YES;
				CLANG_WARN_UNGUARDED_AVAILABILITY = YES_AGGRESSIVE;
				CLANG_WARN_UNREACHABLE_CODE = YES;
				CLANG_WARN__DUPLICATE_METHOD_MATCH = YES;
				COPY_PHASE_STRIP = NO;
				DEBUG_INFORMATION_FORMAT = "dwarf-with-dsym";
				ENABLE_NS_ASSERTIONS = NO;
				ENABLE_STRICT_OBJC_MSGSEND = YES;
				ENABLE_USER_SCRIPT_SANDBOXING = YES;
				GCC_C_LANGUAGE_STANDARD = gnu17;
				GCC_NO_COMMON_BLOCKS = YES;
				GCC_WARN_64_TO_32_BIT_CONVERSION = YES;
				GCC_WARN_ABOUT_RETURN_TYPE = YES_ERROR;
				GCC_WARN_UNDECLARED_SELECTOR = YES;
				GCC_WARN_UNINITIALIZED_AUTOS = YES_AGGRESSIVE;
				GCC_WARN_UNUSED_FUNCTION = YES;
				GCC_WARN_UNUSED_VARIABLE = YES;
				IPHONEOS_DEPLOYMENT_TARGET = 17.4;
				LOCALIZATION_PREFERS_STRING_CATALOGS = YES;
				MTL_ENABLE_DEBUG_INFO = NO;
				MTL_FAST_MATH = YES;
				SDKROOT = iphoneos;
				SWIFT_COMPILATION_MODE = wholemodule;
				VALIDATE_PRODUCT = YES;
			};
			name = Release;
		};
		32538CE32C014E6D00B1649F /* Debug */ = {
			isa = XCBuildConfiguration;
			buildSettings = {
				ASSETCATALOG_COMPILER_APPICON_NAME = AppIcon;
				ASSETCATALOG_COMPILER_GLOBAL_ACCENT_COLOR_NAME = AccentColor;
				CODE_SIGN_STYLE = Automatic;
				CURRENT_PROJECT_VERSION = 1;
				GENERATE_INFOPLIST_FILE = YES;
				INFOPLIST_FILE = Movies/Info.plist;
				INFOPLIST_KEY_UIApplicationSupportsIndirectInputEvents = YES;
				INFOPLIST_KEY_UILaunchStoryboardName = LaunchScreen;
				INFOPLIST_KEY_UISupportedInterfaceOrientations_iPad = "UIInterfaceOrientationPortrait UIInterfaceOrientationPortraitUpsideDown UIInterfaceOrientationLandscapeLeft UIInterfaceOrientationLandscapeRight";
				INFOPLIST_KEY_UISupportedInterfaceOrientations_iPhone = "UIInterfaceOrientationPortrait UIInterfaceOrientationLandscapeLeft UIInterfaceOrientationLandscapeRight";
				LD_RUNPATH_SEARCH_PATHS = (
					"$(inherited)",
					"@executable_path/Frameworks",
				);
				MARKETING_VERSION = 1.0;
				PRODUCT_BUNDLE_IDENTIFIER = banquemisr.challenge05.Movies;
				PRODUCT_NAME = "$(TARGET_NAME)";
				SWIFT_EMIT_LOC_STRINGS = YES;
				SWIFT_VERSION = 5.0;
				TARGETED_DEVICE_FAMILY = "1,2";
			};
			name = Debug;
		};
		32538CE42C014E6D00B1649F /* Release */ = {
			isa = XCBuildConfiguration;
			buildSettings = {
				ASSETCATALOG_COMPILER_APPICON_NAME = AppIcon;
				ASSETCATALOG_COMPILER_GLOBAL_ACCENT_COLOR_NAME = AccentColor;
				CODE_SIGN_STYLE = Automatic;
				CURRENT_PROJECT_VERSION = 1;
				GENERATE_INFOPLIST_FILE = YES;
				INFOPLIST_FILE = Movies/Info.plist;
				INFOPLIST_KEY_UIApplicationSupportsIndirectInputEvents = YES;
				INFOPLIST_KEY_UILaunchStoryboardName = LaunchScreen;
				INFOPLIST_KEY_UISupportedInterfaceOrientations_iPad = "UIInterfaceOrientationPortrait UIInterfaceOrientationPortraitUpsideDown UIInterfaceOrientationLandscapeLeft UIInterfaceOrientationLandscapeRight";
				INFOPLIST_KEY_UISupportedInterfaceOrientations_iPhone = "UIInterfaceOrientationPortrait UIInterfaceOrientationLandscapeLeft UIInterfaceOrientationLandscapeRight";
				LD_RUNPATH_SEARCH_PATHS = (
					"$(inherited)",
					"@executable_path/Frameworks",
				);
				MARKETING_VERSION = 1.0;
				PRODUCT_BUNDLE_IDENTIFIER = banquemisr.challenge05.Movies;
				PRODUCT_NAME = "$(TARGET_NAME)";
				SWIFT_EMIT_LOC_STRINGS = YES;
				SWIFT_VERSION = 5.0;
				TARGETED_DEVICE_FAMILY = "1,2";
			};
			name = Release;
		};
		32538CE62C014E6D00B1649F /* Debug */ = {
			isa = XCBuildConfiguration;
			buildSettings = {
				ALWAYS_EMBED_SWIFT_STANDARD_LIBRARIES = YES;
				BUNDLE_LOADER = "$(TEST_HOST)";
				CODE_SIGN_STYLE = Automatic;
				CURRENT_PROJECT_VERSION = 1;
				GENERATE_INFOPLIST_FILE = YES;
				IPHONEOS_DEPLOYMENT_TARGET = 17.4;
				MARKETING_VERSION = 1.0;
				PRODUCT_BUNDLE_IDENTIFIER = banquemisr.challenge05.MoviesTests;
				PRODUCT_NAME = "$(TARGET_NAME)";
				SWIFT_EMIT_LOC_STRINGS = NO;
				SWIFT_VERSION = 5.0;
				TARGETED_DEVICE_FAMILY = "1,2";
				TEST_HOST = "$(BUILT_PRODUCTS_DIR)/Movies.app/$(BUNDLE_EXECUTABLE_FOLDER_PATH)/Movies";
			};
			name = Debug;
		};
		32538CE72C014E6D00B1649F /* Release */ = {
			isa = XCBuildConfiguration;
			buildSettings = {
				ALWAYS_EMBED_SWIFT_STANDARD_LIBRARIES = YES;
				BUNDLE_LOADER = "$(TEST_HOST)";
				CODE_SIGN_STYLE = Automatic;
				CURRENT_PROJECT_VERSION = 1;
				GENERATE_INFOPLIST_FILE = YES;
				IPHONEOS_DEPLOYMENT_TARGET = 17.4;
				MARKETING_VERSION = 1.0;
				PRODUCT_BUNDLE_IDENTIFIER = banquemisr.challenge05.MoviesTests;
				PRODUCT_NAME = "$(TARGET_NAME)";
				SWIFT_EMIT_LOC_STRINGS = NO;
				SWIFT_VERSION = 5.0;
				TARGETED_DEVICE_FAMILY = "1,2";
				TEST_HOST = "$(BUILT_PRODUCTS_DIR)/Movies.app/$(BUNDLE_EXECUTABLE_FOLDER_PATH)/Movies";
			};
			name = Release;
		};
		32538CE92C014E6D00B1649F /* Debug */ = {
			isa = XCBuildConfiguration;
			buildSettings = {
				ALWAYS_EMBED_SWIFT_STANDARD_LIBRARIES = YES;
				CODE_SIGN_STYLE = Automatic;
				CURRENT_PROJECT_VERSION = 1;
				GENERATE_INFOPLIST_FILE = YES;
				MARKETING_VERSION = 1.0;
				PRODUCT_BUNDLE_IDENTIFIER = banquemisr.challenge05.MoviesUITests;
				PRODUCT_NAME = "$(TARGET_NAME)";
				SWIFT_EMIT_LOC_STRINGS = NO;
				SWIFT_VERSION = 5.0;
				TARGETED_DEVICE_FAMILY = "1,2";
				TEST_TARGET_NAME = Movies;
			};
			name = Debug;
		};
		32538CEA2C014E6D00B1649F /* Release */ = {
			isa = XCBuildConfiguration;
			buildSettings = {
				ALWAYS_EMBED_SWIFT_STANDARD_LIBRARIES = YES;
				CODE_SIGN_STYLE = Automatic;
				CURRENT_PROJECT_VERSION = 1;
				GENERATE_INFOPLIST_FILE = YES;
				MARKETING_VERSION = 1.0;
				PRODUCT_BUNDLE_IDENTIFIER = banquemisr.challenge05.MoviesUITests;
				PRODUCT_NAME = "$(TARGET_NAME)";
				SWIFT_EMIT_LOC_STRINGS = NO;
				SWIFT_VERSION = 5.0;
				TARGETED_DEVICE_FAMILY = "1,2";
				TEST_TARGET_NAME = Movies;
			};
			name = Release;
		};
/* End XCBuildConfiguration section */

/* Begin XCConfigurationList section */
		32538CB32C014E6B00B1649F /* Build configuration list for PBXProject "Movies" */ = {
			isa = XCConfigurationList;
			buildConfigurations = (
				32538CE02C014E6D00B1649F /* Debug */,
				32538CE12C014E6D00B1649F /* Release */,
			);
			defaultConfigurationIsVisible = 0;
			defaultConfigurationName = Release;
		};
		32538CE22C014E6D00B1649F /* Build configuration list for PBXNativeTarget "Movies" */ = {
			isa = XCConfigurationList;
			buildConfigurations = (
				32538CE32C014E6D00B1649F /* Debug */,
				32538CE42C014E6D00B1649F /* Release */,
			);
			defaultConfigurationIsVisible = 0;
			defaultConfigurationName = Release;
		};
		32538CE52C014E6D00B1649F /* Build configuration list for PBXNativeTarget "MoviesTests" */ = {
			isa = XCConfigurationList;
			buildConfigurations = (
				32538CE62C014E6D00B1649F /* Debug */,
				32538CE72C014E6D00B1649F /* Release */,
			);
			defaultConfigurationIsVisible = 0;
			defaultConfigurationName = Release;
		};
		32538CE82C014E6D00B1649F /* Build configuration list for PBXNativeTarget "MoviesUITests" */ = {
			isa = XCConfigurationList;
			buildConfigurations = (
				32538CE92C014E6D00B1649F /* Debug */,
				32538CEA2C014E6D00B1649F /* Release */,
			);
			defaultConfigurationIsVisible = 0;
			defaultConfigurationName = Release;
		};
/* End XCConfigurationList section */
	};
	rootObject = 32538CB02C014E6B00B1649F /* Project object */;
}
