// !$*UTF8*$!
{
	archiveVersion = 1;
	classes = {
	};
	objectVersion = 56;
	objects = {

/* Begin PBXBuildFile section */
		32538CBC2C014E6B00B1649F /* AppDelegate.swift in Sources */ = {isa = PBXBuildFile; fileRef = 32538CBB2C014E6B00B1649F /* AppDelegate.swift */; };
		32538CBE2C014E6B00B1649F /* SceneDelegate.swift in Sources */ = {isa = PBXBuildFile; fileRef = 32538CBD2C014E6B00B1649F /* SceneDelegate.swift */; };
		32538CC52C014E6D00B1649F /* Assets.xcassets in Resources */ = {isa = PBXBuildFile; fileRef = 32538CC42C014E6D00B1649F /* Assets.xcassets */; };
		32538CC82C014E6D00B1649F /* Base in Resources */ = {isa = PBXBuildFile; fileRef = 32538CC72C014E6D00B1649F /* Base */; };
		32538CD32C014E6D00B1649F /* MoviesTests.swift in Sources */ = {isa = PBXBuildFile; fileRef = 32538CD22C014E6D00B1649F /* MoviesTests.swift */; };
		32538CDD2C014E6D00B1649F /* MoviesUITests.swift in Sources */ = {isa = PBXBuildFile; fileRef = 32538CDC2C014E6D00B1649F /* MoviesUITests.swift */; };
		32538CDF2C014E6D00B1649F /* MoviesUITestsLaunchTests.swift in Sources */ = {isa = PBXBuildFile; fileRef = 32538CDE2C014E6D00B1649F /* MoviesUITestsLaunchTests.swift */; };
		32538CEC2C02073400B1649F /* Coordintaor.swift in Sources */ = {isa = PBXBuildFile; fileRef = 32538CEB2C02073400B1649F /* Coordintaor.swift */; };
		32538CEF2C02077500B1649F /* AppCoordinator.swift in Sources */ = {isa = PBXBuildFile; fileRef = 32538CEE2C02077500B1649F /* AppCoordinator.swift */; };
		32538CF12C0207D900B1649F /* MoviesCoordinator.swift in Sources */ = {isa = PBXBuildFile; fileRef = 32538CF02C0207D900B1649F /* MoviesCoordinator.swift */; };
		32538CF32C0209B000B1649F /* MovieListType.swift in Sources */ = {isa = PBXBuildFile; fileRef = 32538CF22C0209B000B1649F /* MovieListType.swift */; };
		32538CF72C02115100B1649F /* MoviesListViewController.xib in Resources */ = {isa = PBXBuildFile; fileRef = 32538CF62C02115100B1649F /* MoviesListViewController.xib */; };
		32538CF82C02115100B1649F /* MoviesListViewController.swift in Sources */ = {isa = PBXBuildFile; fileRef = 32538CF52C02115100B1649F /* MoviesListViewController.swift */; };
		32538CFC2C0211D400B1649F /* MoviesListViewModel.swift in Sources */ = {isa = PBXBuildFile; fileRef = 32538CFB2C0211D400B1649F /* MoviesListViewModel.swift */; };
/* End PBXBuildFile section */

/* Begin PBXContainerItemProxy section */
		32538CCF2C014E6D00B1649F /* PBXContainerItemProxy */ = {
			isa = PBXContainerItemProxy;
			containerPortal = 32538CB02C014E6B00B1649F /* Project object */;
			proxyType = 1;
			remoteGlobalIDString = 32538CB72C014E6B00B1649F;
			remoteInfo = Movies;
		};
		32538CD92C014E6D00B1649F /* PBXContainerItemProxy */ = {
			isa = PBXContainerItemProxy;
			containerPortal = 32538CB02C014E6B00B1649F /* Project object */;
			proxyType = 1;
			remoteGlobalIDString = 32538CB72C014E6B00B1649F;
			remoteInfo = Movies;
		};
/* End PBXContainerItemProxy section */

/* Begin PBXFileReference section */
		32538CB82C014E6B00B1649F /* Movies.app */ = {isa = PBXFileReference; explicitFileType = wrapper.application; includeInIndex = 0; path = Movies.app; sourceTree = BUILT_PRODUCTS_DIR; };
		32538CBB2C014E6B00B1649F /* AppDelegate.swift */ = {isa = PBXFileReference; lastKnownFileType = sourcecode.swift; path = AppDelegate.swift; sourceTree = "<group>"; };
		32538CBD2C014E6B00B1649F /* SceneDelegate.swift */ = {isa = PBXFileReference; lastKnownFileType = sourcecode.swift; path = SceneDelegate.swift; sourceTree = "<group>"; };
		32538CC42C014E6D00B1649F /* Assets.xcassets */ = {isa = PBXFileReference; lastKnownFileType = folder.assetcatalog; path = Assets.xcassets; sourceTree = "<group>"; };
		32538CC72C014E6D00B1649F /* Base */ = {isa = PBXFileReference; lastKnownFileType = file.storyboard; name = Base; path = Base.lproj/LaunchScreen.storyboard; sourceTree = "<group>"; };
		32538CC92C014E6D00B1649F /* Info.plist */ = {isa = PBXFileReference; lastKnownFileType = text.plist.xml; path = Info.plist; sourceTree = "<group>"; };
		32538CCE2C014E6D00B1649F /* MoviesTests.xctest */ = {isa = PBXFileReference; explicitFileType = wrapper.cfbundle; includeInIndex = 0; path = MoviesTests.xctest; sourceTree = BUILT_PRODUCTS_DIR; };
		32538CD22C014E6D00B1649F /* MoviesTests.swift */ = {isa = PBXFileReference; lastKnownFileType = sourcecode.swift; path = MoviesTests.swift; sourceTree = "<group>"; };
		32538CD82C014E6D00B1649F /* MoviesUITests.xctest */ = {isa = PBXFileReference; explicitFileType = wrapper.cfbundle; includeInIndex = 0; path = MoviesUITests.xctest; sourceTree = BUILT_PRODUCTS_DIR; };
		32538CDC2C014E6D00B1649F /* MoviesUITests.swift */ = {isa = PBXFileReference; lastKnownFileType = sourcecode.swift; path = MoviesUITests.swift; sourceTree = "<group>"; };
		32538CDE2C014E6D00B1649F /* MoviesUITestsLaunchTests.swift */ = {isa = PBXFileReference; lastKnownFileType = sourcecode.swift; path = MoviesUITestsLaunchTests.swift; sourceTree = "<group>"; };
		32538CEB2C02073400B1649F /* Coordintaor.swift */ = {isa = PBXFileReference; lastKnownFileType = sourcecode.swift; path = Coordintaor.swift; sourceTree = "<group>"; };
		32538CEE2C02077500B1649F /* AppCoordinator.swift */ = {isa = PBXFileReference; lastKnownFileType = sourcecode.swift; path = AppCoordinator.swift; sourceTree = "<group>"; };
		32538CF02C0207D900B1649F /* MoviesCoordinator.swift */ = {isa = PBXFileReference; lastKnownFileType = sourcecode.swift; path = MoviesCoordinator.swift; sourceTree = "<group>"; };
		32538CF22C0209B000B1649F /* MovieListType.swift */ = {isa = PBXFileReference; lastKnownFileType = sourcecode.swift; path = MovieListType.swift; sourceTree = "<group>"; };
		32538CF52C02115100B1649F /* MoviesListViewController.swift */ = {isa = PBXFileReference; lastKnownFileType = sourcecode.swift; path = MoviesListViewController.swift; sourceTree = "<group>"; };
		32538CF62C02115100B1649F /* MoviesListViewController.xib */ = {isa = PBXFileReference; lastKnownFileType = file.xib; path = MoviesListViewController.xib; sourceTree = "<group>"; };
		32538CFB2C0211D400B1649F /* MoviesListViewModel.swift */ = {isa = PBXFileReference; lastKnownFileType = sourcecode.swift; path = MoviesListViewModel.swift; sourceTree = "<group>"; };
/* End PBXFileReference section */

/* Begin PBXFrameworksBuildPhase section */
		32538CB52C014E6B00B1649F /* Frameworks */ = {
			isa = PBXFrameworksBuildPhase;
			buildActionMask = 2147483647;
			files = (
			);
			runOnlyForDeploymentPostprocessing = 0;
		};
		32538CCB2C014E6D00B1649F /* Frameworks */ = {
			isa = PBXFrameworksBuildPhase;
			buildActionMask = 2147483647;
			files = (
			);
			runOnlyForDeploymentPostprocessing = 0;
		};
		32538CD52C014E6D00B1649F /* Frameworks */ = {
			isa = PBXFrameworksBuildPhase;
			buildActionMask = 2147483647;
			files = (
			);
			runOnlyForDeploymentPostprocessing = 0;
		};
/* End PBXFrameworksBuildPhase section */

/* Begin PBXGroup section */
		32538CAF2C014E6B00B1649F = {
			isa = PBXGroup;
			children = (
				32538CBA2C014E6B00B1649F /* Movies */,
				32538CD12C014E6D00B1649F /* MoviesTests */,
				32538CDB2C014E6D00B1649F /* MoviesUITests */,
				32538CB92C014E6B00B1649F /* Products */,
			);
			sourceTree = "<group>";
		};
		32538CB92C014E6B00B1649F /* Products */ = {
			isa = PBXGroup;
			children = (
				32538CB82C014E6B00B1649F /* Movies.app */,
				32538CCE2C014E6D00B1649F /* MoviesTests.xctest */,
				32538CD82C014E6D00B1649F /* MoviesUITests.xctest */,
			);
			name = Products;
			sourceTree = "<group>";
		};
		32538CBA2C014E6B00B1649F /* Movies */ = {
			isa = PBXGroup;
			children = (
				32538CED2C02073B00B1649F /* Coordinator */,
				32538CF42C020AA700B1649F /* Models */,
				32538CBB2C014E6B00B1649F /* AppDelegate.swift */,
				32538CF92C02115900B1649F /* Views */,
				32538CFD2C0211DA00B1649F /* ViewModels */,
				32538CBD2C014E6B00B1649F /* SceneDelegate.swift */,
				32538CC42C014E6D00B1649F /* Assets.xcassets */,
				32538CC62C014E6D00B1649F /* LaunchScreen.storyboard */,
				32538CC92C014E6D00B1649F /* Info.plist */,
			);
			path = Movies;
			sourceTree = "<group>";
		};
		32538CD12C014E6D00B1649F /* MoviesTests */ = {
			isa = PBXGroup;
			children = (
				32538CD22C014E6D00B1649F /* MoviesTests.swift */,
			);
			path = MoviesTests;
			sourceTree = "<group>";
		};
		32538CDB2C014E6D00B1649F /* MoviesUITests */ = {
			isa = PBXGroup;
			children = (
				32538CDC2C014E6D00B1649F /* MoviesUITests.swift */,
				32538CDE2C014E6D00B1649F /* MoviesUITestsLaunchTests.swift */,
			);
			path = MoviesUITests;
			sourceTree = "<group>";
		};
		32538CED2C02073B00B1649F /* Coordinator */ = {
			isa = PBXGroup;
			children = (
				32538CEB2C02073400B1649F /* Coordintaor.swift */,
				32538CEE2C02077500B1649F /* AppCoordinator.swift */,
				32538CF02C0207D900B1649F /* MoviesCoordinator.swift */,
			);
			path = Coordinator;
			sourceTree = "<group>";
		};
		32538CF42C020AA700B1649F /* Models */ = {
			isa = PBXGroup;
			children = (
				32538CF22C0209B000B1649F /* MovieListType.swift */,
			);
			path = Models;
			sourceTree = "<group>";
		};
		32538CF92C02115900B1649F /* Views */ = {
			isa = PBXGroup;
			children = (
				32538CFA2C02116700B1649F /* MoviesList */,
			);
			path = Views;
			sourceTree = "<group>";
		};
		32538CFA2C02116700B1649F /* MoviesList */ = {
			isa = PBXGroup;
			children = (
				32538CF52C02115100B1649F /* MoviesListViewController.swift */,
				32538CF62C02115100B1649F /* MoviesListViewController.xib */,
			);
			path = MoviesList;
			sourceTree = "<group>";
		};
		32538CFD2C0211DA00B1649F /* ViewModels */ = {
			isa = PBXGroup;
			children = (
				32538CFB2C0211D400B1649F /* MoviesListViewModel.swift */,
			);
			path = ViewModels;
			sourceTree = "<group>";
		};
/* End PBXGroup section */

/* Begin PBXNativeTarget section */
		32538CB72C014E6B00B1649F /* Movies */ = {
			isa = PBXNativeTarget;
			buildConfigurationList = 32538CE22C014E6D00B1649F /* Build configuration list for PBXNativeTarget "Movies" */;
			buildPhases = (
				32538CB42C014E6B00B1649F /* Sources */,
				32538CB52C014E6B00B1649F /* Frameworks */,
				32538CB62C014E6B00B1649F /* Resources */,
			);
			buildRules = (
			);
			dependencies = (
			);
			name = Movies;
			productName = Movies;
			productReference = 32538CB82C014E6B00B1649F /* Movies.app */;
			productType = "com.apple.product-type.application";
		};
		32538CCD2C014E6D00B1649F /* MoviesTests */ = {
			isa = PBXNativeTarget;
			buildConfigurationList = 32538CE52C014E6D00B1649F /* Build configuration list for PBXNativeTarget "MoviesTests" */;
			buildPhases = (
				32538CCA2C014E6D00B1649F /* Sources */,
				32538CCB2C014E6D00B1649F /* Frameworks */,
				32538CCC2C014E6D00B1649F /* Resources */,
			);
			buildRules = (
			);
			dependencies = (
				32538CD02C014E6D00B1649F /* PBXTargetDependency */,
			);
			name = MoviesTests;
			productName = MoviesTests;
			productReference = 32538CCE2C014E6D00B1649F /* MoviesTests.xctest */;
			productType = "com.apple.product-type.bundle.unit-test";
		};
		32538CD72C014E6D00B1649F /* MoviesUITests */ = {
			isa = PBXNativeTarget;
			buildConfigurationList = 32538CE82C014E6D00B1649F /* Build configuration list for PBXNativeTarget "MoviesUITests" */;
			buildPhases = (
				32538CD42C014E6D00B1649F /* Sources */,
				32538CD52C014E6D00B1649F /* Frameworks */,
				32538CD62C014E6D00B1649F /* Resources */,
			);
			buildRules = (
			);
			dependencies = (
				32538CDA2C014E6D00B1649F /* PBXTargetDependency */,
			);
			name = MoviesUITests;
			productName = MoviesUITests;
			productReference = 32538CD82C014E6D00B1649F /* MoviesUITests.xctest */;
			productType = "com.apple.product-type.bundle.ui-testing";
		};
/* End PBXNativeTarget section */

/* Begin PBXProject section */
		32538CB02C014E6B00B1649F /* Project object */ = {
			isa = PBXProject;
			attributes = {
				BuildIndependentTargetsInParallel = 1;
				LastSwiftUpdateCheck = 1530;
				LastUpgradeCheck = 1530;
				TargetAttributes = {
					32538CB72C014E6B00B1649F = {
						CreatedOnToolsVersion = 15.3;
					};
					32538CCD2C014E6D00B1649F = {
						CreatedOnToolsVersion = 15.3;
						TestTargetID = 32538CB72C014E6B00B1649F;
					};
					32538CD72C014E6D00B1649F = {
						CreatedOnToolsVersion = 15.3;
						TestTargetID = 32538CB72C014E6B00B1649F;
					};
				};
			};
			buildConfigurationList = 32538CB32C014E6B00B1649F /* Build configuration list for PBXProject "Movies" */;
			compatibilityVersion = "Xcode 14.0";
			developmentRegion = en;
			hasScannedForEncodings = 0;
			knownRegions = (
				en,
				Base,
			);
			mainGroup = 32538CAF2C014E6B00B1649F;
			productRefGroup = 32538CB92C014E6B00B1649F /* Products */;
			projectDirPath = "";
			projectRoot = "";
			targets = (
				32538CB72C014E6B00B1649F /* Movies */,
				32538CCD2C014E6D00B1649F /* MoviesTests */,
				32538CD72C014E6D00B1649F /* MoviesUITests */,
			);
		};
/* End PBXProject section */

/* Begin PBXResourcesBuildPhase section */
		32538CB62C014E6B00B1649F /* Resources */ = {
			isa = PBXResourcesBuildPhase;
			buildActionMask = 2147483647;
			files = (
				32538CC52C014E6D00B1649F /* Assets.xcassets in Resources */,
				32538CC82C014E6D00B1649F /* Base in Resources */,
				32538CF72C02115100B1649F /* MoviesListViewController.xib in Resources */,
			);
			runOnlyForDeploymentPostprocessing = 0;
		};
		32538CCC2C014E6D00B1649F /* Resources */ = {
			isa = PBXResourcesBuildPhase;
			buildActionMask = 2147483647;
			files = (
			);
			runOnlyForDeploymentPostprocessing = 0;
		};
		32538CD62C014E6D00B1649F /* Resources */ = {
			isa = PBXResourcesBuildPhase;
			buildActionMask = 2147483647;
			files = (
			);
			runOnlyForDeploymentPostprocessing = 0;
		};
/* End PBXResourcesBuildPhase section */

/* Begin PBXSourcesBuildPhase section */
		32538CB42C014E6B00B1649F /* Sources */ = {
			isa = PBXSourcesBuildPhase;
			buildActionMask = 2147483647;
			files = (
				32538CF82C02115100B1649F /* MoviesListViewController.swift in Sources */,
				32538CEF2C02077500B1649F /* AppCoordinator.swift in Sources */,
				32538CBC2C014E6B00B1649F /* AppDelegate.swift in Sources */,
				32538CEC2C02073400B1649F /* Coordintaor.swift in Sources */,
				32538CF12C0207D900B1649F /* MoviesCoordinator.swift in Sources */,
				32538CF32C0209B000B1649F /* MovieListType.swift in Sources */,
				32538CBE2C014E6B00B1649F /* SceneDelegate.swift in Sources */,
				32538CFC2C0211D400B1649F /* MoviesListViewModel.swift in Sources */,
			);
			runOnlyForDeploymentPostprocessing = 0;
		};
		32538CCA2C014E6D00B1649F /* Sources */ = {
			isa = PBXSourcesBuildPhase;
			buildActionMask = 2147483647;
			files = (
				32538CD32C014E6D00B1649F /* MoviesTests.swift in Sources */,
			);
			runOnlyForDeploymentPostprocessing = 0;
		};
		32538CD42C014E6D00B1649F /* Sources */ = {
			isa = PBXSourcesBuildPhase;
			buildActionMask = 2147483647;
			files = (
				32538CDD2C014E6D00B1649F /* MoviesUITests.swift in Sources */,
				32538CDF2C014E6D00B1649F /* MoviesUITestsLaunchTests.swift in Sources */,
			);
			runOnlyForDeploymentPostprocessing = 0;
		};
/* End PBXSourcesBuildPhase section */

/* Begin PBXTargetDependency section */
		32538CD02C014E6D00B1649F /* PBXTargetDependency */ = {
			isa = PBXTargetDependency;
			target = 32538CB72C014E6B00B1649F /* Movies */;
			targetProxy = 32538CCF2C014E6D00B1649F /* PBXContainerItemProxy */;
		};
		32538CDA2C014E6D00B1649F /* PBXTargetDependency */ = {
			isa = PBXTargetDependency;
			target = 32538CB72C014E6B00B1649F /* Movies */;
			targetProxy = 32538CD92C014E6D00B1649F /* PBXContainerItemProxy */;
		};
/* End PBXTargetDependency section */

/* Begin PBXVariantGroup section */
		32538CC62C014E6D00B1649F /* LaunchScreen.storyboard */ = {
			isa = PBXVariantGroup;
			children = (
				32538CC72C014E6D00B1649F /* Base */,
			);
			name = LaunchScreen.storyboard;
			sourceTree = "<group>";
		};
/* End PBXVariantGroup section */

/* Begin XCBuildConfiguration section */
		32538CE02C014E6D00B1649F /* Debug */ = {
			isa = XCBuildConfiguration;
			buildSettings = {
				ALWAYS_SEARCH_USER_PATHS = NO;
				ASSETCATALOG_COMPILER_GENERATE_SWIFT_ASSET_SYMBOL_EXTENSIONS = YES;
				CLANG_ANALYZER_NONNULL = YES;
				CLANG_ANALYZER_NUMBER_OBJECT_CONVERSION = YES_AGGRESSIVE;
				CLANG_CXX_LANGUAGE_STANDARD = "gnu++20";
				CLANG_ENABLE_MODULES = YES;
				CLANG_ENABLE_OBJC_ARC = YES;
				CLANG_ENABLE_OBJC_WEAK = YES;
				CLANG_WARN_BLOCK_CAPTURE_AUTORELEASING = YES;
				CLANG_WARN_BOOL_CONVERSION = YES;
				CLANG_WARN_COMMA = YES;
				CLANG_WARN_CONSTANT_CONVERSION = YES;
				CLANG_WARN_DEPRECATED_OBJC_IMPLEMENTATIONS = YES;
				CLANG_WARN_DIRECT_OBJC_ISA_USAGE = YES_ERROR;
				CLANG_WARN_DOCUMENTATION_COMMENTS = YES;
				CLANG_WARN_EMPTY_BODY = YES;
				CLANG_WARN_ENUM_CONVERSION = YES;
				CLANG_WARN_INFINITE_RECURSION = YES;
				CLANG_WARN_INT_CONVERSION = YES;
				CLANG_WARN_NON_LITERAL_NULL_CONVERSION = YES;
				CLANG_WARN_OBJC_IMPLICIT_RETAIN_SELF = YES;
				CLANG_WARN_OBJC_LITERAL_CONVERSION = YES;
				CLANG_WARN_OBJC_ROOT_CLASS = YES_ERROR;
				CLANG_WARN_QUOTED_INCLUDE_IN_FRAMEWORK_HEADER = YES;
				CLANG_WARN_RANGE_LOOP_ANALYSIS = YES;
				CLANG_WARN_STRICT_PROTOTYPES = YES;
				CLANG_WARN_SUSPICIOUS_MOVE = YES;
				CLANG_WARN_UNGUARDED_AVAILABILITY = YES_AGGRESSIVE;
				CLANG_WARN_UNREACHABLE_CODE = YES;
				CLANG_WARN__DUPLICATE_METHOD_MATCH = YES;
				COPY_PHASE_STRIP = NO;
				DEBUG_INFORMATION_FORMAT = dwarf;
				ENABLE_STRICT_OBJC_MSGSEND = YES;
				ENABLE_TESTABILITY = YES;
				ENABLE_USER_SCRIPT_SANDBOXING = YES;
				GCC_C_LANGUAGE_STANDARD = gnu17;
				GCC_DYNAMIC_NO_PIC = NO;
				GCC_NO_COMMON_BLOCKS = YES;
				GCC_OPTIMIZATION_LEVEL = 0;
				GCC_PREPROCESSOR_DEFINITIONS = (
					"DEBUG=1",
					"$(inherited)",
				);
				GCC_WARN_64_TO_32_BIT_CONVERSION = YES;
				GCC_WARN_ABOUT_RETURN_TYPE = YES_ERROR;
				GCC_WARN_UNDECLARED_SELECTOR = YES;
				GCC_WARN_UNINITIALIZED_AUTOS = YES_AGGRESSIVE;
				GCC_WARN_UNUSED_FUNCTION = YES;
				GCC_WARN_UNUSED_VARIABLE = YES;
				IPHONEOS_DEPLOYMENT_TARGET = 17.4;
				LOCALIZATION_PREFERS_STRING_CATALOGS = YES;
				MTL_ENABLE_DEBUG_INFO = INCLUDE_SOURCE;
				MTL_FAST_MATH = YES;
				ONLY_ACTIVE_ARCH = YES;
				SDKROOT = iphoneos;
				SWIFT_ACTIVE_COMPILATION_CONDITIONS = "DEBUG $(inherited)";
				SWIFT_OPTIMIZATION_LEVEL = "-Onone";
			};
			name = Debug;
		};
		32538CE12C014E6D00B1649F /* Release */ = {
			isa = XCBuildConfiguration;
			buildSettings = {
				ALWAYS_SEARCH_USER_PATHS = NO;
				ASSETCATALOG_COMPILER_GENERATE_SWIFT_ASSET_SYMBOL_EXTENSIONS = YES;
				CLANG_ANALYZER_NONNULL = YES;
				CLANG_ANALYZER_NUMBER_OBJECT_CONVERSION = YES_AGGRESSIVE;
				CLANG_CXX_LANGUAGE_STANDARD = "gnu++20";
				CLANG_ENABLE_MODULES = YES;
				CLANG_ENABLE_OBJC_ARC = YES;
				CLANG_ENABLE_OBJC_WEAK = YES;
				CLANG_WARN_BLOCK_CAPTURE_AUTORELEASING = YES;
				CLANG_WARN_BOOL_CONVERSION = YES;
				CLANG_WARN_COMMA = YES;
				CLANG_WARN_CONSTANT_CONVERSION = YES;
				CLANG_WARN_DEPRECATED_OBJC_IMPLEMENTATIONS = YES;
				CLANG_WARN_DIRECT_OBJC_ISA_USAGE = YES_ERROR;
				CLANG_WARN_DOCUMENTATION_COMMENTS = YES;
				CLANG_WARN_EMPTY_BODY = YES;
				CLANG_WARN_ENUM_CONVERSION = YES;
				CLANG_WARN_INFINITE_RECURSION = YES;
				CLANG_WARN_INT_CONVERSION = YES;
				CLANG_WARN_NON_LITERAL_NULL_CONVERSION = YES;
				CLANG_WARN_OBJC_IMPLICIT_RETAIN_SELF = YES;
				CLANG_WARN_OBJC_LITERAL_CONVERSION = YES;
				CLANG_WARN_OBJC_ROOT_CLASS = YES_ERROR;
				CLANG_WARN_QUOTED_INCLUDE_IN_FRAMEWORK_HEADER = YES;
				CLANG_WARN_RANGE_LOOP_ANALYSIS = YES;
				CLANG_WARN_STRICT_PROTOTYPES = YES;
				CLANG_WARN_SUSPICIOUS_MOVE = YES;
				CLANG_WARN_UNGUARDED_AVAILABILITY = YES_AGGRESSIVE;
				CLANG_WARN_UNREACHABLE_CODE = YES;
				CLANG_WARN__DUPLICATE_METHOD_MATCH = YES;
				COPY_PHASE_STRIP = NO;
				DEBUG_INFORMATION_FORMAT = "dwarf-with-dsym";
				ENABLE_NS_ASSERTIONS = NO;
				ENABLE_STRICT_OBJC_MSGSEND = YES;
				ENABLE_USER_SCRIPT_SANDBOXING = YES;
				GCC_C_LANGUAGE_STANDARD = gnu17;
				GCC_NO_COMMON_BLOCKS = YES;
				GCC_WARN_64_TO_32_BIT_CONVERSION = YES;
				GCC_WARN_ABOUT_RETURN_TYPE = YES_ERROR;
				GCC_WARN_UNDECLARED_SELECTOR = YES;
				GCC_WARN_UNINITIALIZED_AUTOS = YES_AGGRESSIVE;
				GCC_WARN_UNUSED_FUNCTION = YES;
				GCC_WARN_UNUSED_VARIABLE = YES;
				IPHONEOS_DEPLOYMENT_TARGET = 17.4;
				LOCALIZATION_PREFERS_STRING_CATALOGS = YES;
				MTL_ENABLE_DEBUG_INFO = NO;
				MTL_FAST_MATH = YES;
				SDKROOT = iphoneos;
				SWIFT_COMPILATION_MODE = wholemodule;
				VALIDATE_PRODUCT = YES;
			};
			name = Release;
		};
		32538CE32C014E6D00B1649F /* Debug */ = {
			isa = XCBuildConfiguration;
			buildSettings = {
				ASSETCATALOG_COMPILER_APPICON_NAME = AppIcon;
				ASSETCATALOG_COMPILER_GLOBAL_ACCENT_COLOR_NAME = AccentColor;
				CODE_SIGN_STYLE = Automatic;
				CURRENT_PROJECT_VERSION = 1;
				GENERATE_INFOPLIST_FILE = YES;
				INFOPLIST_FILE = Movies/Info.plist;
				INFOPLIST_KEY_UIApplicationSupportsIndirectInputEvents = YES;
				INFOPLIST_KEY_UILaunchStoryboardName = LaunchScreen;
				INFOPLIST_KEY_UISupportedInterfaceOrientations_iPad = "UIInterfaceOrientationPortrait UIInterfaceOrientationPortraitUpsideDown UIInterfaceOrientationLandscapeLeft UIInterfaceOrientationLandscapeRight";
				INFOPLIST_KEY_UISupportedInterfaceOrientations_iPhone = "UIInterfaceOrientationPortrait UIInterfaceOrientationLandscapeLeft UIInterfaceOrientationLandscapeRight";
				LD_RUNPATH_SEARCH_PATHS = (
					"$(inherited)",
					"@executable_path/Frameworks",
				);
				MARKETING_VERSION = 1.0;
				PRODUCT_BUNDLE_IDENTIFIER = banquemisr.challenge05.Movies;
				PRODUCT_NAME = "$(TARGET_NAME)";
				SWIFT_EMIT_LOC_STRINGS = YES;
				SWIFT_VERSION = 5.0;
				TARGETED_DEVICE_FAMILY = "1,2";
			};
			name = Debug;
		};
		32538CE42C014E6D00B1649F /* Release */ = {
			isa = XCBuildConfiguration;
			buildSettings = {
				ASSETCATALOG_COMPILER_APPICON_NAME = AppIcon;
				ASSETCATALOG_COMPILER_GLOBAL_ACCENT_COLOR_NAME = AccentColor;
				CODE_SIGN_STYLE = Automatic;
				CURRENT_PROJECT_VERSION = 1;
				GENERATE_INFOPLIST_FILE = YES;
				INFOPLIST_FILE = Movies/Info.plist;
				INFOPLIST_KEY_UIApplicationSupportsIndirectInputEvents = YES;
				INFOPLIST_KEY_UILaunchStoryboardName = LaunchScreen;
				INFOPLIST_KEY_UISupportedInterfaceOrientations_iPad = "UIInterfaceOrientationPortrait UIInterfaceOrientationPortraitUpsideDown UIInterfaceOrientationLandscapeLeft UIInterfaceOrientationLandscapeRight";
				INFOPLIST_KEY_UISupportedInterfaceOrientations_iPhone = "UIInterfaceOrientationPortrait UIInterfaceOrientationLandscapeLeft UIInterfaceOrientationLandscapeRight";
				LD_RUNPATH_SEARCH_PATHS = (
					"$(inherited)",
					"@executable_path/Frameworks",
				);
				MARKETING_VERSION = 1.0;
				PRODUCT_BUNDLE_IDENTIFIER = banquemisr.challenge05.Movies;
				PRODUCT_NAME = "$(TARGET_NAME)";
				SWIFT_EMIT_LOC_STRINGS = YES;
				SWIFT_VERSION = 5.0;
				TARGETED_DEVICE_FAMILY = "1,2";
			};
			name = Release;
		};
		32538CE62C014E6D00B1649F /* Debug */ = {
			isa = XCBuildConfiguration;
			buildSettings = {
				ALWAYS_EMBED_SWIFT_STANDARD_LIBRARIES = YES;
				BUNDLE_LOADER = "$(TEST_HOST)";
				CODE_SIGN_STYLE = Automatic;
				CURRENT_PROJECT_VERSION = 1;
				GENERATE_INFOPLIST_FILE = YES;
				IPHONEOS_DEPLOYMENT_TARGET = 17.4;
				MARKETING_VERSION = 1.0;
				PRODUCT_BUNDLE_IDENTIFIER = banquemisr.challenge05.MoviesTests;
				PRODUCT_NAME = "$(TARGET_NAME)";
				SWIFT_EMIT_LOC_STRINGS = NO;
				SWIFT_VERSION = 5.0;
				TARGETED_DEVICE_FAMILY = "1,2";
				TEST_HOST = "$(BUILT_PRODUCTS_DIR)/Movies.app/$(BUNDLE_EXECUTABLE_FOLDER_PATH)/Movies";
			};
			name = Debug;
		};
		32538CE72C014E6D00B1649F /* Release */ = {
			isa = XCBuildConfiguration;
			buildSettings = {
				ALWAYS_EMBED_SWIFT_STANDARD_LIBRARIES = YES;
				BUNDLE_LOADER = "$(TEST_HOST)";
				CODE_SIGN_STYLE = Automatic;
				CURRENT_PROJECT_VERSION = 1;
				GENERATE_INFOPLIST_FILE = YES;
				IPHONEOS_DEPLOYMENT_TARGET = 17.4;
				MARKETING_VERSION = 1.0;
				PRODUCT_BUNDLE_IDENTIFIER = banquemisr.challenge05.MoviesTests;
				PRODUCT_NAME = "$(TARGET_NAME)";
				SWIFT_EMIT_LOC_STRINGS = NO;
				SWIFT_VERSION = 5.0;
				TARGETED_DEVICE_FAMILY = "1,2";
				TEST_HOST = "$(BUILT_PRODUCTS_DIR)/Movies.app/$(BUNDLE_EXECUTABLE_FOLDER_PATH)/Movies";
			};
			name = Release;
		};
		32538CE92C014E6D00B1649F /* Debug */ = {
			isa = XCBuildConfiguration;
			buildSettings = {
				ALWAYS_EMBED_SWIFT_STANDARD_LIBRARIES = YES;
				CODE_SIGN_STYLE = Automatic;
				CURRENT_PROJECT_VERSION = 1;
				GENERATE_INFOPLIST_FILE = YES;
				MARKETING_VERSION = 1.0;
				PRODUCT_BUNDLE_IDENTIFIER = banquemisr.challenge05.MoviesUITests;
				PRODUCT_NAME = "$(TARGET_NAME)";
				SWIFT_EMIT_LOC_STRINGS = NO;
				SWIFT_VERSION = 5.0;
				TARGETED_DEVICE_FAMILY = "1,2";
				TEST_TARGET_NAME = Movies;
			};
			name = Debug;
		};
		32538CEA2C014E6D00B1649F /* Release */ = {
			isa = XCBuildConfiguration;
			buildSettings = {
				ALWAYS_EMBED_SWIFT_STANDARD_LIBRARIES = YES;
				CODE_SIGN_STYLE = Automatic;
				CURRENT_PROJECT_VERSION = 1;
				GENERATE_INFOPLIST_FILE = YES;
				MARKETING_VERSION = 1.0;
				PRODUCT_BUNDLE_IDENTIFIER = banquemisr.challenge05.MoviesUITests;
				PRODUCT_NAME = "$(TARGET_NAME)";
				SWIFT_EMIT_LOC_STRINGS = NO;
				SWIFT_VERSION = 5.0;
				TARGETED_DEVICE_FAMILY = "1,2";
				TEST_TARGET_NAME = Movies;
			};
			name = Release;
		};
/* End XCBuildConfiguration section */

/* Begin XCConfigurationList section */
		32538CB32C014E6B00B1649F /* Build configuration list for PBXProject "Movies" */ = {
			isa = XCConfigurationList;
			buildConfigurations = (
				32538CE02C014E6D00B1649F /* Debug */,
				32538CE12C014E6D00B1649F /* Release */,
			);
			defaultConfigurationIsVisible = 0;
			defaultConfigurationName = Release;
		};
		32538CE22C014E6D00B1649F /* Build configuration list for PBXNativeTarget "Movies" */ = {
			isa = XCConfigurationList;
			buildConfigurations = (
				32538CE32C014E6D00B1649F /* Debug */,
				32538CE42C014E6D00B1649F /* Release */,
			);
			defaultConfigurationIsVisible = 0;
			defaultConfigurationName = Release;
		};
		32538CE52C014E6D00B1649F /* Build configuration list for PBXNativeTarget "MoviesTests" */ = {
			isa = XCConfigurationList;
			buildConfigurations = (
				32538CE62C014E6D00B1649F /* Debug */,
				32538CE72C014E6D00B1649F /* Release */,
			);
			defaultConfigurationIsVisible = 0;
			defaultConfigurationName = Release;
		};
		32538CE82C014E6D00B1649F /* Build configuration list for PBXNativeTarget "MoviesUITests" */ = {
			isa = XCConfigurationList;
			buildConfigurations = (
				32538CE92C014E6D00B1649F /* Debug */,
				32538CEA2C014E6D00B1649F /* Release */,
			);
			defaultConfigurationIsVisible = 0;
			defaultConfigurationName = Release;
		};
/* End XCConfigurationList section */
	};
	rootObject = 32538CB02C014E6B00B1649F /* Project object */;
}
